
Microsoft Visual Studio Solution File, Format Version 12.00
# Visual Studio Version 16
VisualStudioVersion = 16.0.31911.196
MinimumVisualStudioVersion = 10.0.40219.1
Project("{9A19103F-16F7-4668-BE54-9A1E7A4F7556}") = "ExtensionsApp", "ExtensionsApp\ExtensionsApp.csproj", "{2A10B1CA-EBA1-4631-BF47-CFB01A3228B4}"
EndProject
Project("{9A19103F-16F7-4668-BE54-9A1E7A4F7556}") = "ExtensionsApp_Console", "ExtensionsApp_Console\ExtensionsApp_Console.csproj", "{229A9218-47DF-4F54-88C2-9BDC96F8767A}"
EndProject
Project("{9A19103F-16F7-4668-BE54-9A1E7A4F7556}") = "ExtensionsApp_Core", "ExtensionsApp_Core\ExtensionsApp_Core.csproj", "{C2B17175-8598-498A-A1CD-5BC7FE44F16E}"
EndProject
Project("{FAE04EC0-301F-11D3-BF4B-00C04F79EFBC}") = "Repository", "Repository\Repository.csproj", "{F69D9014-7728-4E0F-AB5D-ED182D8B08D0}"
EndProject
Global
	GlobalSection(SolutionConfigurationPlatforms) = preSolution
		Debug|Any CPU = Debug|Any CPU
		Release|Any CPU = Release|Any CPU
	EndGlobalSection
	GlobalSection(ProjectConfigurationPlatforms) = postSolution
		{2A10B1CA-EBA1-4631-BF47-CFB01A3228B4}.Debug|Any CPU.ActiveCfg = Debug|Any CPU
		{2A10B1CA-EBA1-4631-BF47-CFB01A3228B4}.Debug|Any CPU.Build.0 = Debug|Any CPU
		{2A10B1CA-EBA1-4631-BF47-CFB01A3228B4}.Release|Any CPU.ActiveCfg = Release|Any CPU
		{2A10B1CA-EBA1-4631-BF47-CFB01A3228B4}.Release|Any CPU.Build.0 = Release|Any CPU
		{229A9218-47DF-4F54-88C2-9BDC96F8767A}.Debug|Any CPU.ActiveCfg = Debug|Any CPU
		{229A9218-47DF-4F54-88C2-9BDC96F8767A}.Debug|Any CPU.Build.0 = Debug|Any CPU
		{229A9218-47DF-4F54-88C2-9BDC96F8767A}.Release|Any CPU.ActiveCfg = Release|Any CPU
		{229A9218-47DF-4F54-88C2-9BDC96F8767A}.Release|Any CPU.Build.0 = Release|Any CPU
		{C2B17175-8598-498A-A1CD-5BC7FE44F16E}.Debug|Any CPU.ActiveCfg = Debug|Any CPU
		{C2B17175-8598-498A-A1CD-5BC7FE44F16E}.Debug|Any CPU.Build.0 = Debug|Any CPU
		{C2B17175-8598-498A-A1CD-5BC7FE44F16E}.Release|Any CPU.ActiveCfg = Release|Any CPU
		{C2B17175-8598-498A-A1CD-5BC7FE44F16E}.Release|Any CPU.Build.0 = Release|Any CPU
		{F69D9014-7728-4E0F-AB5D-ED182D8B08D0}.Debug|Any CPU.ActiveCfg = Debug|Any CPU
		{F69D9014-7728-4E0F-AB5D-ED182D8B08D0}.Debug|Any CPU.Build.0 = Debug|Any CPU
		{F69D9014-7728-4E0F-AB5D-ED182D8B08D0}.Release|Any CPU.ActiveCfg = Release|Any CPU
		{F69D9014-7728-4E0F-AB5D-ED182D8B08D0}.Release|Any CPU.Build.0 = Release|Any CPU
	EndGlobalSection
	GlobalSection(SolutionProperties) = preSolution
		HideSolutionNode = FALSE
	EndGlobalSection
	GlobalSection(ExtensibilityGlobals) = postSolution
		SolutionGuid = {A249E63E-EB79-4799-8DC2-5E738E59AAE7}
	EndGlobalSection
EndGlobal
